
Microsoft Visual Studio Solution File, Format Version 12.00
# Visual Studio Version 17
VisualStudioVersion = 17.10.34916.146
MinimumVisualStudioVersion = 10.0.40219.1
Project("{FAE04EC0-301F-11D3-BF4B-00C04F79EFBC}") = "ZipDownloader.Web", "ZipDownloader.Web\ZipDownloader.Web.csproj", "{9CA16FB0-2A72-4C00-AC45-60CC47574FCD}"
EndProject
Project("{FAE04EC0-301F-11D3-BF4B-00C04F79EFBC}") = "ZipDownloader.API", "ZipDownloader.API\ZipDownloader.API.csproj", "{D55D1BA0-0827-4AB5-9629-D7C772DCAB44}"
EndProject
Global
	GlobalSection(SolutionConfigurationPlatforms) = preSolution
		Debug|Any CPU = Debug|Any CPU
		Release|Any CPU = Release|Any CPU
	EndGlobalSection
	GlobalSection(ProjectConfigurationPlatforms) = postSolution
		{9CA16FB0-2A72-4C00-AC45-60CC47574FCD}.Debug|Any CPU.ActiveCfg = Debug|Any CPU
		{9CA16FB0-2A72-4C00-AC45-60CC47574FCD}.Debug|Any CPU.Build.0 = Debug|Any CPU
		{9CA16FB0-2A72-4C00-AC45-60CC47574FCD}.Release|Any CPU.ActiveCfg = Release|Any CPU
		{9CA16FB0-2A72-4C00-AC45-60CC47574FCD}.Release|Any CPU.Build.0 = Release|Any CPU
		{D55D1BA0-0827-4AB5-9629-D7C772DCAB44}.Debug|Any CPU.ActiveCfg = Debug|Any CPU
		{D55D1BA0-0827-4AB5-9629-D7C772DCAB44}.Debug|Any CPU.Build.0 = Debug|Any CPU
		{D55D1BA0-0827-4AB5-9629-D7C772DCAB44}.Release|Any CPU.ActiveCfg = Release|Any CPU
		{D55D1BA0-0827-4AB5-9629-D7C772DCAB44}.Release|Any CPU.Build.0 = Release|Any CPU
	EndGlobalSection
	GlobalSection(SolutionProperties) = preSolution
		HideSolutionNode = FALSE
	EndGlobalSection
	GlobalSection(ExtensibilityGlobals) = postSolution
		SolutionGuid = {7842655F-5390-433E-BD79-C507E50FE81F}
	EndGlobalSection
EndGlobal
